
Microsoft Visual Studio Solution File, Format Version 12.00
# Visual Studio Version 17
VisualStudioVersion = 17.3.32804.467
MinimumVisualStudioVersion = 10.0.40219.1
Project("{9A19103F-16F7-4668-BE54-9A1E7A4F7556}") = "ShoppingList", "ShoppingList\ShoppingList.csproj", "{D105E30D-A268-4542-A2CC-E7B570F674EF}"
EndProject
Project("{FAE04EC0-301F-11D3-BF4B-00C04F79EFBC}") = "ShoppingData", "ShoppingData\ShoppingData.csproj", "{27030F79-88FD-4571-BC61-0963EA62A8FA}"
EndProject
Global
	GlobalSection(SolutionConfigurationPlatforms) = preSolution
		Debug|Any CPU = Debug|Any CPU
		Release|Any CPU = Release|Any CPU
	EndGlobalSection
	GlobalSection(ProjectConfigurationPlatforms) = postSolution
		{D105E30D-A268-4542-A2CC-E7B570F674EF}.Debug|Any CPU.ActiveCfg = Debug|Any CPU
		{D105E30D-A268-4542-A2CC-E7B570F674EF}.Debug|Any CPU.Build.0 = Debug|Any CPU
		{D105E30D-A268-4542-A2CC-E7B570F674EF}.Release|Any CPU.ActiveCfg = Release|Any CPU
		{D105E30D-A268-4542-A2CC-E7B570F674EF}.Release|Any CPU.Build.0 = Release|Any CPU
		{27030F79-88FD-4571-BC61-0963EA62A8FA}.Debug|Any CPU.ActiveCfg = Debug|Any CPU
		{27030F79-88FD-4571-BC61-0963EA62A8FA}.Debug|Any CPU.Build.0 = Debug|Any CPU
		{27030F79-88FD-4571-BC61-0963EA62A8FA}.Release|Any CPU.ActiveCfg = Release|Any CPU
		{27030F79-88FD-4571-BC61-0963EA62A8FA}.Release|Any CPU.Build.0 = Release|Any CPU
	EndGlobalSection
	GlobalSection(SolutionProperties) = preSolution
		HideSolutionNode = FALSE
	EndGlobalSection
	GlobalSection(ExtensibilityGlobals) = postSolution
		SolutionGuid = {A242F98F-05B0-4AA9-9934-5A2A14E68DE1}
	EndGlobalSection
EndGlobal
